{
  "name": "root",
  "lockfileVersion": 3,
  "requires": true,
  "packages": {
    "": {
      "dependencies": {
        "scheme-website": "file:.."
      }
    },
    "..": {
      "name": "scheme-website",
      "version": "1.0.0",
      "license": "ISC",
      "dependencies": {
        "concurrently": "^8.2.2",
        "mongodb": "^6.20.0"
      },
      "devDependencies": {
        "nodemon": "^3.0.1"
      }
    },
    "node_modules/scheme-website": {
      "resolved": "..",
      "link": true
    }
  }
}
